{
  "name": "@psu-ooe/ooe-drupal",
  "version": "1.0.0",
  "lockfileVersion": 2,
  "requires": true,
  "packages": {
    "": {
      "name": "@psu-ooe/ooe-drupal",
      "version": "1.0.0",
      "license": "ISC",
      "dependencies": {
        "@psu-ooe/accordion": "^1.0",
        "@psu-ooe/band": "^1.0",
        "@psu-ooe/base": "^1.0",
        "@psu-ooe/breadcrumbs": "^1.0",
        "@psu-ooe/card": "^1.0",
        "@psu-ooe/cards-list": "^1.0",
        "@psu-ooe/cta": "^1.0",
        "@psu-ooe/drop-button": "^1.0",
        "@psu-ooe/event-link": "^1.0",
        "@psu-ooe/expandable-section": "^1.0",
        "@psu-ooe/flex-wrap-listener": "^1.0",
        "@psu-ooe/grid": "^1.0",
        "@psu-ooe/heading": "^1.0",
        "@psu-ooe/overlay": "^1.0",
        "@psu-ooe/parallel-navigation": "^1.0",
        "@psu-ooe/polyfill-flex-gap": "^1.0",
        "@psu-ooe/polyfill-focus-visible": "^1.0",
        "@psu-ooe/quote": "^1.0",
        "@psu-ooe/read-more": "^1.0",
        "@psu-ooe/slide-toggle": "^1.0",
        "@psu-ooe/smart-datetime": "^1.0",
        "@psu-ooe/sprite": "^1.0",
        "@psu-ooe/sticky-panel": "^1.0",
        "@psu-ooe/tabs": "^1.0",
        "@psu-ooe/tabs-list": "^1.0",
        "@psu-ooe/upcoming-events": "^1.0",
        "@psu-ooe/webfonts": "^1.0"
      }
    },
    "node_modules/@psu-ooe/accordion": {
      "version": "1.0.0",
      "resolved": "https://npm.pkg.github.com/download/@psu-ooe/accordion/1.0.0/693e4c609b969134fbb9b4ad05782f66eac68f50",
      "integrity": "sha512-6WZYikdrIEf9ZCOJVWHHmVCgvkOLyNmVVFbwUJ7aYndp7yqoCbV7eiRLhbdcxjKmSp7wGA4k/zu1iiOlAT4r6g==",
      "dependencies": {
        "@psu-ooe/base": "^1.0",
        "@psu-ooe/slide-toggle": "^1.0"
      }
    },
    "node_modules/@psu-ooe/band": {
      "version": "1.0.0",
      "resolved": "https://npm.pkg.github.com/download/@psu-ooe/band/1.0.0/84fa7ea74d624e2a8fecc5750a9e6623f4f75c5f",
      "integrity": "sha512-0B0/MPhquUEnJqBNt5NtdrvA/KSDrCBPGkGMixytUmxKSs2DGx5XNsdctk1XGPGl06PWKbmuDdGsPpOEvbo1mA==",
      "dependencies": {
        "@psu-ooe/base": "^1.0"
      }
    },
    "node_modules/@psu-ooe/base": {
      "version": "1.0.2",
      "resolved": "https://npm.pkg.github.com/download/@psu-ooe/base/1.0.2/fd348cbb91a530984c9a7176ce7cc6a7e164a9b5",
      "integrity": "sha512-e6Uu9FWjdy4SIe/10KIiL6cqumbWRDyp41ueIBOa49CEa6mzEF6KjhqlqZDR1kgkjKjEO86ByNiIz8Te4DMWIA==",
      "dependencies": {
        "@psu-ooe/webfonts": "^1.0"
      }
    },
    "node_modules/@psu-ooe/breadcrumbs": {
      "version": "1.0.1",
      "resolved": "https://npm.pkg.github.com/download/@psu-ooe/breadcrumbs/1.0.1/853d7cb7cb22a3cf333e1994704cb8d020a86be4",
      "integrity": "sha512-xrcUdSBxUpSsGSAhOOsVw8XRo+9dhsll4wkaFCV66M2eSwk01mj5WivznxvOXggZ7AeoRHLBQUwOoaUe2+b3kg==",
      "dependencies": {
        "@psu-ooe/base": "^1.0"
      }
    },
    "node_modules/@psu-ooe/card": {
      "version": "1.0.0",
      "resolved": "https://npm.pkg.github.com/download/@psu-ooe/card/1.0.0/3da5d8b461087e3d1401bbfef094d138bd508824",
      "integrity": "sha512-W8/SnwlmQZlkmcLHtudLbqq8tKTnGgk1wWT9jrxuK01hxyEhM0p7Jcoi+nX32E9D9XpdGwRAbmZdQPd0AVcuOw==",
      "dependencies": {
        "@psu-ooe/base": "^1.0"
      }
    },
    "node_modules/@psu-ooe/cards-list": {
      "version": "1.0.0",
      "resolved": "https://npm.pkg.github.com/download/@psu-ooe/cards-list/1.0.0/315744e4718cc5100a6c874b8fbbb0f5f279cc9d",
      "integrity": "sha512-F1FQqbhiGt+93jEY84qaaj5MwkC89cVQK/OzQAWNZH0NmksG4nGoq8PwasZPagqd+ZbK9pI2JECfgSQbGJTHpw==",
      "dependencies": {
        "@psu-ooe/base": "^1.0",
        "@psu-ooe/card": "^1.0",
        "@psu-ooe/expandable-section": "^1.0"
      }
    },
    "node_modules/@psu-ooe/cta": {
      "version": "1.0.0",
      "resolved": "https://npm.pkg.github.com/download/@psu-ooe/cta/1.0.0/4b2951b443027fcddaaf8a8ab23756d0c6376af8",
      "integrity": "sha512-MGszXJbyw59tIYUwL+Z4aQSu4XgYbb4/3Xl2Z//TGkcr1xkYXFz6C3Rh3hkUxv06swRBAE0+XCudbXC8kSR3tw==",
      "dependencies": {
        "@psu-ooe/base": "^1.0"
      }
    },
    "node_modules/@psu-ooe/drop-button": {
      "version": "1.0.0",
      "resolved": "https://npm.pkg.github.com/download/@psu-ooe/drop-button/1.0.0/f4045214c122e72631c79296675a29f29e157c24",
      "integrity": "sha512-Rib+6VeA9XqT0aW9+TMdQnl09nqCitS5a4Rux+enfKRGHsXreYxpLi5znTUM1c25Vp8OhvTA+Vh93rjfzeqa1A==",
      "dependencies": {
        "@psu-ooe/base": "^1.0",
        "@psu-ooe/polyfill-focus-visible": "^1.0"
      }
    },
    "node_modules/@psu-ooe/event-link": {
      "version": "1.0.0",
      "resolved": "https://npm.pkg.github.com/download/@psu-ooe/event-link/1.0.0/561bc518c79255baebedee32e4aa279100593f49",
      "integrity": "sha512-nav/POFGJBNQzF2GEBLcutFRtK3UbVbhT/w2RB3l/JKvZkcCdL/dqUeMbO5gIyDhsHiF4d/hwVmRw6/rUe0icw==",
      "dependencies": {
        "@psu-ooe/base": "^1.0",
        "@psu-ooe/smart-datetime": "^1.0"
      }
    },
    "node_modules/@psu-ooe/expandable-section": {
      "version": "1.0.0",
      "resolved": "https://npm.pkg.github.com/download/@psu-ooe/expandable-section/1.0.0/494a0293f94b306c1d15e5d449678a453c391d31",
      "integrity": "sha512-5aJOoDHR1hhgSL8yt7umBYCJn3gAWcUR1tCNDeTIqaFP0jZJ8Hav+BEeb1lb15UIjpf2uxkMlWGHHHhbapy1Jg==",
      "dependencies": {
        "@psu-ooe/base": "^1.0",
        "@psu-ooe/polyfill-focus-visible": "^1.0",
        "@psu-ooe/slide-toggle": "^1.0"
      }
    },
    "node_modules/@psu-ooe/flex-wrap-listener": {
      "version": "1.0.0",
      "resolved": "https://npm.pkg.github.com/download/@psu-ooe/flex-wrap-listener/1.0.0/e663e8bb6e3927fd4e06ae3ec1714a32abf19dfb",
      "integrity": "sha512-SQ88OTZZImaHXOMr9spt1o4CAY6ojx/vK9r3xJo1EN6sx5pHbcQj7k7G0eqEcNsSe+2kJ7JiLCDDFpdbMgHWYw=="
    },
    "node_modules/@psu-ooe/grid": {
      "version": "1.0.0",
      "resolved": "https://npm.pkg.github.com/download/@psu-ooe/grid/1.0.0/180b6a78547c90532c21b4ee58e28b5d5364b7a8",
      "integrity": "sha512-rlE6+z9bDqfHl3LEZEBhv4zQoNO5VnE1hd7oCY3CDhn8mkbM1Ai6cSzu836b5ucuy9jhSYASnRtD/ynpSwMKRw==",
      "dependencies": {
        "@psu-ooe/base": "^1.0"
      }
    },
    "node_modules/@psu-ooe/heading": {
      "version": "1.0.0",
      "resolved": "https://npm.pkg.github.com/download/@psu-ooe/heading/1.0.0/0eb2b4f2743fab83fc245a112f514e6eb6c287a8",
      "integrity": "sha512-tRwRu61gldi8BYDRIDUm2rn0psW86WzWMTaV7BxJZ0jWcr52V2mFj/YAWQ4OLONzn3HRhWpCMHDMYrCuucOO7A==",
      "dependencies": {
        "@psu-ooe/base": "^1.0"
      }
    },
    "node_modules/@psu-ooe/overlay": {
      "version": "1.0.0",
      "resolved": "https://npm.pkg.github.com/download/@psu-ooe/overlay/1.0.0/e36f6519165050fd8648530d046f97162c1acf58",
      "integrity": "sha512-fyz/13UNdGnd6rWr1cqxXeP75j1UnJVsUafXnCXGl/nlDbaUKvMOxYJ07JyIy3lgDCWBQnavZYjv9nwNHufFBQ==",
      "dependencies": {
        "@psu-ooe/base": "^1.0"
      }
    },
    "node_modules/@psu-ooe/parallel-navigation": {
      "version": "1.0.0",
      "resolved": "https://npm.pkg.github.com/download/@psu-ooe/parallel-navigation/1.0.0/5fa8575c053a2dae01140ecbfedec9b2c0dbbf22",
      "integrity": "sha512-809u4pgyYe0sw9CpN/ci/2b77HIh6b9H4pqnCp+2MUEHzXGOLbEgl5SVL2yRfwz8h5UV9odphkuxYdldwNaUxg==",
      "dependencies": {
        "@psu-ooe/base": "^1.0"
      }
    },
    "node_modules/@psu-ooe/polyfill-flex-gap": {
      "version": "1.0.0",
      "resolved": "https://npm.pkg.github.com/download/@psu-ooe/polyfill-flex-gap/1.0.0/d9f864730f19ca041176b985dbfc5d6c25affd8e",
      "integrity": "sha512-Ckz9y6LsiyDE/5iy7Vr5Alsh5LvsV15xqw3FOB5qY9E7UfgQpfeC4kmDfHw5w9G9eExre8sLT6YP2tBN6g19tA==",
      "dependencies": {
        "@psu-ooe/base": "^1.0"
      }
    },
    "node_modules/@psu-ooe/polyfill-focus-visible": {
      "version": "1.0.0",
      "resolved": "https://npm.pkg.github.com/download/@psu-ooe/polyfill-focus-visible/1.0.0/e4befa90f6a4dd604b296606e4d9a1ed6a8239bb",
      "integrity": "sha512-aX0ldRdKW/b6UyuvMx5YFkwaV7EI8XwDuz9O2k/69wzVM3K48IWxChGNsfySV28ulUVm1B5UM2tp3vM+s4vbkA==",
      "dependencies": {
        "focus-visible": "^5.2.0"
      }
    },
    "node_modules/@psu-ooe/quote": {
      "version": "1.0.0",
      "resolved": "https://npm.pkg.github.com/download/@psu-ooe/quote/1.0.0/65afdc6f69ebf0dc0b78db57983790674806823a",
      "integrity": "sha512-ffUNvL58XcO8Eaf6O9HGuXny03s6Ld71yPs97zke9tISK0dJPJqrkOThoO8yWLPn1iGuR++VnB66DWcOaYgKcg==",
      "dependencies": {
        "@psu-ooe/base": "^1.0"
      }
    },
    "node_modules/@psu-ooe/read-more": {
      "version": "1.0.0",
      "resolved": "https://npm.pkg.github.com/download/@psu-ooe/read-more/1.0.0/33f20b86746cbf4988c466f676e53b5f5dbbcaf8",
      "integrity": "sha512-KQqI47j6lLWsj+foYbrQNMe8dFaWCqEem77tVfHDaVFCayGVyjh2K4tJ6DYXGjCJSPb5Fd7oza2sbIIsGwDPbw==",
      "dependencies": {
        "@psu-ooe/base": "^1.0"
      }
    },
    "node_modules/@psu-ooe/slide-toggle": {
      "version": "1.0.0",
      "resolved": "https://npm.pkg.github.com/download/@psu-ooe/slide-toggle/1.0.0/73c8bed8b5787a9c5120b05a600d4dea9e484493",
      "integrity": "sha512-NEChfGK8yR+ZgNtYuGMds/aSO0TY5KwiSs+kQB+NHFJTKoI3zAs9wyjVOBONbDED6KX/n19fDgBdwQACBphxMA=="
    },
    "node_modules/@psu-ooe/smart-datetime": {
      "version": "1.0.0",
      "resolved": "https://npm.pkg.github.com/download/@psu-ooe/smart-datetime/1.0.0/7fc6456740e45334e5ee6178076ca3b7bd99224d",
      "integrity": "sha512-pl6vnAob2iZ0Gven0G2141TPSISlsq3byNiua2SMKTNKD3boZUjq26x37aeAXDG4bFtcOtVn142GH+uaOq0P3A==",
      "dependencies": {
        "@psu-ooe/base": "^1.0"
      }
    },
    "node_modules/@psu-ooe/sprite": {
      "version": "1.0.2",
      "resolved": "https://npm.pkg.github.com/download/@psu-ooe/sprite/1.0.2/3e0da407ad88ad2ecfb1e78521b1de04724e5b20",
      "integrity": "sha512-B7lSD0BlwvwJ5VHz/XIqLKuv/AeLy2oYlv1kIU+Wapav6Dqq8bSOjpXr8uX5VzQ/CNPJSZ5vIOHpsFtArH5xvQ==",
      "dependencies": {
        "@psu-ooe/base": "^1.0"
      }
    },
    "node_modules/@psu-ooe/sticky-panel": {
      "version": "1.0.0",
      "resolved": "https://npm.pkg.github.com/download/@psu-ooe/sticky-panel/1.0.0/d052d1ddde3801df7a3da1247faaed2e89b74aa0",
      "integrity": "sha512-ucXA2eWxhR2FCNqovGTHcV0XGcopcTsKxv2/0oyf5RUL7NPGq5iQ5mzPU2kweHoYAye8BsKoTRUymJMCrHFoBw==",
      "dependencies": {
        "@psu-ooe/band": "^1.0",
        "@psu-ooe/base": "^1.0"
      }
    },
    "node_modules/@psu-ooe/tabs": {
      "version": "1.0.0",
      "resolved": "https://npm.pkg.github.com/download/@psu-ooe/tabs/1.0.0/a9da2fbb74506fc9118aa651ad3ed7217e12871b",
      "integrity": "sha512-GhZSeJLCFtqf6iOMbgJBeUItKfvTJnbzPaLhjen9qdhgxIAHBzg8xpY2N0PSR9OgWXfE3AcLtSswPlgQ9Y5rIg==",
      "dependencies": {
        "@psu-ooe/base": "^1.0",
        "@psu-ooe/tabs-list": "^1.0"
      }
    },
    "node_modules/@psu-ooe/tabs-list": {
      "version": "1.0.1",
      "resolved": "https://npm.pkg.github.com/download/@psu-ooe/tabs-list/1.0.1/cf76ad14e88ad2bc20e2c624217116705a46e91f",
      "integrity": "sha512-LDMyZs25lN6EKNwhUoDSR1sonYr8ZpAdQe7xO+K7qIGbXsuc83oE/irOjpN4lnOYqfjlakN/whY1OOd2jnUHwg==",
      "dependencies": {
        "@psu-ooe/base": "^1.0",
        "@psu-ooe/flex-wrap-listener": "^1.0"
      }
    },
    "node_modules/@psu-ooe/upcoming-events": {
      "version": "1.0.0",
      "resolved": "https://npm.pkg.github.com/download/@psu-ooe/upcoming-events/1.0.0/2986baf496eefb3db36a9f9d764408f96f5c52b1",
      "integrity": "sha512-vDOoLiiMuLqaMNDgrfTOXUFijcg9++IBCEA1kBk5s3li/t+CUy+y+H9AC+hOQny8tO/rvyadtQiT8zBrZDQ7JA==",
      "dependencies": {
        "@psu-ooe/base": "^1.0",
        "@psu-ooe/event-link": "^1.0",
        "@psu-ooe/expandable-section": "^1.0"
      }
    },
    "node_modules/@psu-ooe/webfonts": {
      "version": "1.0.0",
      "resolved": "https://npm.pkg.github.com/download/@psu-ooe/webfonts/1.0.0/f323fa24ce54f44baa80000308139b4d308ef93e",
      "integrity": "sha512-YhRvoUw4rqUZUg4cF1PEzQ2Y2BOMjg1dX/9WiJrwneWoeyPhiaWhchKs27YX9hlHx9/V4OxxDQLGKkUsQ21zpg=="
    },
    "node_modules/focus-visible": {
      "version": "5.2.0",
      "resolved": "https://registry.npmjs.org/focus-visible/-/focus-visible-5.2.0.tgz",
      "integrity": "sha512-Rwix9pBtC1Nuy5wysTmKy+UjbDJpIfg8eHjw0rjZ1mX4GNLz1Bmd16uDpI3Gk1i70Fgcs8Csg2lPm8HULFg9DQ=="
    }
  },
  "dependencies": {
    "@psu-ooe/accordion": {
      "version": "1.0.0",
      "resolved": "https://npm.pkg.github.com/download/@psu-ooe/accordion/1.0.0/693e4c609b969134fbb9b4ad05782f66eac68f50",
      "integrity": "sha512-6WZYikdrIEf9ZCOJVWHHmVCgvkOLyNmVVFbwUJ7aYndp7yqoCbV7eiRLhbdcxjKmSp7wGA4k/zu1iiOlAT4r6g==",
      "requires": {
        "@psu-ooe/base": "^1.0",
        "@psu-ooe/slide-toggle": "^1.0"
      }
    },
    "@psu-ooe/band": {
      "version": "1.0.0",
      "resolved": "https://npm.pkg.github.com/download/@psu-ooe/band/1.0.0/84fa7ea74d624e2a8fecc5750a9e6623f4f75c5f",
      "integrity": "sha512-0B0/MPhquUEnJqBNt5NtdrvA/KSDrCBPGkGMixytUmxKSs2DGx5XNsdctk1XGPGl06PWKbmuDdGsPpOEvbo1mA==",
      "requires": {
        "@psu-ooe/base": "^1.0"
      }
    },
    "@psu-ooe/base": {
      "version": "1.0.2",
      "resolved": "https://npm.pkg.github.com/download/@psu-ooe/base/1.0.2/fd348cbb91a530984c9a7176ce7cc6a7e164a9b5",
      "integrity": "sha512-e6Uu9FWjdy4SIe/10KIiL6cqumbWRDyp41ueIBOa49CEa6mzEF6KjhqlqZDR1kgkjKjEO86ByNiIz8Te4DMWIA==",
      "requires": {
        "@psu-ooe/webfonts": "^1.0"
      }
    },
    "@psu-ooe/breadcrumbs": {
      "version": "1.0.1",
      "resolved": "https://npm.pkg.github.com/download/@psu-ooe/breadcrumbs/1.0.1/853d7cb7cb22a3cf333e1994704cb8d020a86be4",
      "integrity": "sha512-xrcUdSBxUpSsGSAhOOsVw8XRo+9dhsll4wkaFCV66M2eSwk01mj5WivznxvOXggZ7AeoRHLBQUwOoaUe2+b3kg==",
      "requires": {
        "@psu-ooe/base": "^1.0"
      }
    },
    "@psu-ooe/card": {
      "version": "1.0.0",
      "resolved": "https://npm.pkg.github.com/download/@psu-ooe/card/1.0.0/3da5d8b461087e3d1401bbfef094d138bd508824",
      "integrity": "sha512-W8/SnwlmQZlkmcLHtudLbqq8tKTnGgk1wWT9jrxuK01hxyEhM0p7Jcoi+nX32E9D9XpdGwRAbmZdQPd0AVcuOw==",
      "requires": {
        "@psu-ooe/base": "^1.0"
      }
    },
    "@psu-ooe/cards-list": {
      "version": "1.0.0",
      "resolved": "https://npm.pkg.github.com/download/@psu-ooe/cards-list/1.0.0/315744e4718cc5100a6c874b8fbbb0f5f279cc9d",
      "integrity": "sha512-F1FQqbhiGt+93jEY84qaaj5MwkC89cVQK/OzQAWNZH0NmksG4nGoq8PwasZPagqd+ZbK9pI2JECfgSQbGJTHpw==",
      "requires": {
        "@psu-ooe/base": "^1.0",
        "@psu-ooe/card": "^1.0",
        "@psu-ooe/expandable-section": "^1.0"
      }
    },
    "@psu-ooe/cta": {
      "version": "1.0.0",
      "resolved": "https://npm.pkg.github.com/download/@psu-ooe/cta/1.0.0/4b2951b443027fcddaaf8a8ab23756d0c6376af8",
      "integrity": "sha512-MGszXJbyw59tIYUwL+Z4aQSu4XgYbb4/3Xl2Z//TGkcr1xkYXFz6C3Rh3hkUxv06swRBAE0+XCudbXC8kSR3tw==",
      "requires": {
        "@psu-ooe/base": "^1.0"
      }
    },
    "@psu-ooe/drop-button": {
      "version": "1.0.0",
      "resolved": "https://npm.pkg.github.com/download/@psu-ooe/drop-button/1.0.0/f4045214c122e72631c79296675a29f29e157c24",
      "integrity": "sha512-Rib+6VeA9XqT0aW9+TMdQnl09nqCitS5a4Rux+enfKRGHsXreYxpLi5znTUM1c25Vp8OhvTA+Vh93rjfzeqa1A==",
      "requires": {
        "@psu-ooe/base": "^1.0",
        "@psu-ooe/polyfill-focus-visible": "^1.0"
      }
    },
    "@psu-ooe/event-link": {
      "version": "1.0.0",
      "resolved": "https://npm.pkg.github.com/download/@psu-ooe/event-link/1.0.0/561bc518c79255baebedee32e4aa279100593f49",
      "integrity": "sha512-nav/POFGJBNQzF2GEBLcutFRtK3UbVbhT/w2RB3l/JKvZkcCdL/dqUeMbO5gIyDhsHiF4d/hwVmRw6/rUe0icw==",
      "requires": {
        "@psu-ooe/base": "^1.0",
        "@psu-ooe/smart-datetime": "^1.0"
      }
    },
    "@psu-ooe/expandable-section": {
      "version": "1.0.0",
      "resolved": "https://npm.pkg.github.com/download/@psu-ooe/expandable-section/1.0.0/494a0293f94b306c1d15e5d449678a453c391d31",
      "integrity": "sha512-5aJOoDHR1hhgSL8yt7umBYCJn3gAWcUR1tCNDeTIqaFP0jZJ8Hav+BEeb1lb15UIjpf2uxkMlWGHHHhbapy1Jg==",
      "requires": {
        "@psu-ooe/base": "^1.0",
        "@psu-ooe/polyfill-focus-visible": "^1.0",
        "@psu-ooe/slide-toggle": "^1.0"
      }
    },
    "@psu-ooe/flex-wrap-listener": {
      "version": "1.0.0",
      "resolved": "https://npm.pkg.github.com/download/@psu-ooe/flex-wrap-listener/1.0.0/e663e8bb6e3927fd4e06ae3ec1714a32abf19dfb",
      "integrity": "sha512-SQ88OTZZImaHXOMr9spt1o4CAY6ojx/vK9r3xJo1EN6sx5pHbcQj7k7G0eqEcNsSe+2kJ7JiLCDDFpdbMgHWYw=="
    },
    "@psu-ooe/grid": {
      "version": "1.0.0",
      "resolved": "https://npm.pkg.github.com/download/@psu-ooe/grid/1.0.0/180b6a78547c90532c21b4ee58e28b5d5364b7a8",
      "integrity": "sha512-rlE6+z9bDqfHl3LEZEBhv4zQoNO5VnE1hd7oCY3CDhn8mkbM1Ai6cSzu836b5ucuy9jhSYASnRtD/ynpSwMKRw==",
      "requires": {
        "@psu-ooe/base": "^1.0"
      }
    },
    "@psu-ooe/heading": {
      "version": "1.0.0",
      "resolved": "https://npm.pkg.github.com/download/@psu-ooe/heading/1.0.0/0eb2b4f2743fab83fc245a112f514e6eb6c287a8",
      "integrity": "sha512-tRwRu61gldi8BYDRIDUm2rn0psW86WzWMTaV7BxJZ0jWcr52V2mFj/YAWQ4OLONzn3HRhWpCMHDMYrCuucOO7A==",
      "requires": {
        "@psu-ooe/base": "^1.0"
      }
    },
    "@psu-ooe/overlay": {
      "version": "1.0.0",
      "resolved": "https://npm.pkg.github.com/download/@psu-ooe/overlay/1.0.0/e36f6519165050fd8648530d046f97162c1acf58",
      "integrity": "sha512-fyz/13UNdGnd6rWr1cqxXeP75j1UnJVsUafXnCXGl/nlDbaUKvMOxYJ07JyIy3lgDCWBQnavZYjv9nwNHufFBQ==",
      "requires": {
        "@psu-ooe/base": "^1.0"
      }
    },
    "@psu-ooe/parallel-navigation": {
      "version": "1.0.0",
      "resolved": "https://npm.pkg.github.com/download/@psu-ooe/parallel-navigation/1.0.0/5fa8575c053a2dae01140ecbfedec9b2c0dbbf22",
      "integrity": "sha512-809u4pgyYe0sw9CpN/ci/2b77HIh6b9H4pqnCp+2MUEHzXGOLbEgl5SVL2yRfwz8h5UV9odphkuxYdldwNaUxg==",
      "requires": {
        "@psu-ooe/base": "^1.0"
      }
    },
    "@psu-ooe/polyfill-flex-gap": {
      "version": "1.0.0",
      "resolved": "https://npm.pkg.github.com/download/@psu-ooe/polyfill-flex-gap/1.0.0/d9f864730f19ca041176b985dbfc5d6c25affd8e",
      "integrity": "sha512-Ckz9y6LsiyDE/5iy7Vr5Alsh5LvsV15xqw3FOB5qY9E7UfgQpfeC4kmDfHw5w9G9eExre8sLT6YP2tBN6g19tA==",
      "requires": {
        "@psu-ooe/base": "^1.0"
      }
    },
    "@psu-ooe/polyfill-focus-visible": {
      "version": "1.0.0",
      "resolved": "https://npm.pkg.github.com/download/@psu-ooe/polyfill-focus-visible/1.0.0/e4befa90f6a4dd604b296606e4d9a1ed6a8239bb",
      "integrity": "sha512-aX0ldRdKW/b6UyuvMx5YFkwaV7EI8XwDuz9O2k/69wzVM3K48IWxChGNsfySV28ulUVm1B5UM2tp3vM+s4vbkA==",
      "requires": {
        "focus-visible": "^5.2.0"
      }
    },
    "@psu-ooe/quote": {
      "version": "1.0.0",
      "resolved": "https://npm.pkg.github.com/download/@psu-ooe/quote/1.0.0/65afdc6f69ebf0dc0b78db57983790674806823a",
      "integrity": "sha512-ffUNvL58XcO8Eaf6O9HGuXny03s6Ld71yPs97zke9tISK0dJPJqrkOThoO8yWLPn1iGuR++VnB66DWcOaYgKcg==",
      "requires": {
        "@psu-ooe/base": "^1.0"
      }
    },
    "@psu-ooe/read-more": {
      "version": "1.0.0",
      "resolved": "https://npm.pkg.github.com/download/@psu-ooe/read-more/1.0.0/33f20b86746cbf4988c466f676e53b5f5dbbcaf8",
      "integrity": "sha512-KQqI47j6lLWsj+foYbrQNMe8dFaWCqEem77tVfHDaVFCayGVyjh2K4tJ6DYXGjCJSPb5Fd7oza2sbIIsGwDPbw==",
      "requires": {
        "@psu-ooe/base": "^1.0"
      }
    },
    "@psu-ooe/slide-toggle": {
      "version": "1.0.0",
      "resolved": "https://npm.pkg.github.com/download/@psu-ooe/slide-toggle/1.0.0/73c8bed8b5787a9c5120b05a600d4dea9e484493",
      "integrity": "sha512-NEChfGK8yR+ZgNtYuGMds/aSO0TY5KwiSs+kQB+NHFJTKoI3zAs9wyjVOBONbDED6KX/n19fDgBdwQACBphxMA=="
    },
    "@psu-ooe/smart-datetime": {
      "version": "1.0.0",
      "resolved": "https://npm.pkg.github.com/download/@psu-ooe/smart-datetime/1.0.0/7fc6456740e45334e5ee6178076ca3b7bd99224d",
      "integrity": "sha512-pl6vnAob2iZ0Gven0G2141TPSISlsq3byNiua2SMKTNKD3boZUjq26x37aeAXDG4bFtcOtVn142GH+uaOq0P3A==",
      "requires": {
        "@psu-ooe/base": "^1.0"
      }
    },
    "@psu-ooe/sprite": {
      "version": "1.0.2",
      "resolved": "https://npm.pkg.github.com/download/@psu-ooe/sprite/1.0.2/3e0da407ad88ad2ecfb1e78521b1de04724e5b20",
      "integrity": "sha512-B7lSD0BlwvwJ5VHz/XIqLKuv/AeLy2oYlv1kIU+Wapav6Dqq8bSOjpXr8uX5VzQ/CNPJSZ5vIOHpsFtArH5xvQ==",
      "requires": {
        "@psu-ooe/base": "^1.0"
      }
    },
    "@psu-ooe/sticky-panel": {
      "version": "1.0.0",
      "resolved": "https://npm.pkg.github.com/download/@psu-ooe/sticky-panel/1.0.0/d052d1ddde3801df7a3da1247faaed2e89b74aa0",
      "integrity": "sha512-ucXA2eWxhR2FCNqovGTHcV0XGcopcTsKxv2/0oyf5RUL7NPGq5iQ5mzPU2kweHoYAye8BsKoTRUymJMCrHFoBw==",
      "requires": {
        "@psu-ooe/band": "^1.0",
        "@psu-ooe/base": "^1.0"
      }
    },
    "@psu-ooe/tabs": {
      "version": "1.0.0",
      "resolved": "https://npm.pkg.github.com/download/@psu-ooe/tabs/1.0.0/a9da2fbb74506fc9118aa651ad3ed7217e12871b",
      "integrity": "sha512-GhZSeJLCFtqf6iOMbgJBeUItKfvTJnbzPaLhjen9qdhgxIAHBzg8xpY2N0PSR9OgWXfE3AcLtSswPlgQ9Y5rIg==",
      "requires": {
        "@psu-ooe/base": "^1.0",
        "@psu-ooe/tabs-list": "^1.0"
      }
    },
    "@psu-ooe/tabs-list": {
      "version": "1.0.1",
      "resolved": "https://npm.pkg.github.com/download/@psu-ooe/tabs-list/1.0.1/cf76ad14e88ad2bc20e2c624217116705a46e91f",
      "integrity": "sha512-LDMyZs25lN6EKNwhUoDSR1sonYr8ZpAdQe7xO+K7qIGbXsuc83oE/irOjpN4lnOYqfjlakN/whY1OOd2jnUHwg==",
      "requires": {
        "@psu-ooe/base": "^1.0",
        "@psu-ooe/flex-wrap-listener": "^1.0"
      }
    },
    "@psu-ooe/upcoming-events": {
      "version": "1.0.0",
      "resolved": "https://npm.pkg.github.com/download/@psu-ooe/upcoming-events/1.0.0/2986baf496eefb3db36a9f9d764408f96f5c52b1",
      "integrity": "sha512-vDOoLiiMuLqaMNDgrfTOXUFijcg9++IBCEA1kBk5s3li/t+CUy+y+H9AC+hOQny8tO/rvyadtQiT8zBrZDQ7JA==",
      "requires": {
        "@psu-ooe/base": "^1.0",
        "@psu-ooe/event-link": "^1.0",
        "@psu-ooe/expandable-section": "^1.0"
      }
    },
    "@psu-ooe/webfonts": {
      "version": "1.0.0",
      "resolved": "https://npm.pkg.github.com/download/@psu-ooe/webfonts/1.0.0/f323fa24ce54f44baa80000308139b4d308ef93e",
      "integrity": "sha512-YhRvoUw4rqUZUg4cF1PEzQ2Y2BOMjg1dX/9WiJrwneWoeyPhiaWhchKs27YX9hlHx9/V4OxxDQLGKkUsQ21zpg=="
    },
    "focus-visible": {
      "version": "5.2.0",
      "resolved": "https://registry.npmjs.org/focus-visible/-/focus-visible-5.2.0.tgz",
      "integrity": "sha512-Rwix9pBtC1Nuy5wysTmKy+UjbDJpIfg8eHjw0rjZ1mX4GNLz1Bmd16uDpI3Gk1i70Fgcs8Csg2lPm8HULFg9DQ=="
    }
  }
}
