{
  "name": "@psu-ooe/ooe-drupal",
  "version": "1.0.0",
  "lockfileVersion": 2,
  "requires": true,
  "packages": {
    "": {
      "name": "@psu-ooe/ooe-drupal",
      "version": "1.0.0",
      "license": "ISC",
      "dependencies": {
        "@psu-ooe/accordion": "^1.0",
        "@psu-ooe/auto-expansion": "^1.0.0",
        "@psu-ooe/background-container": "^2.0.2",
        "@psu-ooe/band": "^2.0.0",
        "@psu-ooe/base": "^1.0",
        "@psu-ooe/bio": "^1.0.0",
        "@psu-ooe/bio-collection": "^1.0.0",
        "@psu-ooe/breadcrumbs": "^1.0",
        "@psu-ooe/card": "^1.0",
        "@psu-ooe/cards-list": "^1.0",
        "@psu-ooe/credential": "^1.0.0",
        "@psu-ooe/cta": "^1.1.0",
        "@psu-ooe/drop-button": "^1.0",
        "@psu-ooe/event-link": "^1.0",
        "@psu-ooe/expandable-section": "^1.0",
        "@psu-ooe/flex-wrap-listener": "^1.0",
        "@psu-ooe/grid": "^1.0",
        "@psu-ooe/heading": "^1.0",
        "@psu-ooe/highlighted-text": "^1.0.0",
        "@psu-ooe/intro-form": "^1.2.1",
        "@psu-ooe/overlay": "^1.0",
        "@psu-ooe/parallel-navigation": "^1.0",
        "@psu-ooe/polyfill-flex-gap": "^1.0",
        "@psu-ooe/polyfill-focus-visible": "^1.0",
        "@psu-ooe/quote": "^1.0",
        "@psu-ooe/random-item": "^1.0.1",
        "@psu-ooe/read-more": "^1.0",
        "@psu-ooe/section-view-tracking": "^1.0.1",
        "@psu-ooe/skip-link": "^1.0.1",
        "@psu-ooe/slide-toggle": "^1.0",
        "@psu-ooe/smart-datetime": "^1.0",
        "@psu-ooe/sprite": "^1.0",
        "@psu-ooe/sticky-panel": "^1.0",
        "@psu-ooe/tabs": "^2.1.0",
        "@psu-ooe/tabs-list": "^1.0",
        "@psu-ooe/upcoming-events": "^1.0",
        "@psu-ooe/webfonts": "^1.0"
      }
    },
    "node_modules/@psu-ooe/accordion": {
      "version": "1.1.0",
      "resolved": "https://npm.pkg.github.com/download/@psu-ooe/accordion/1.1.0/940af9ea3ee4dac8a172eb135aa6507a3ca42246",
      "integrity": "sha512-efmKVQyu29dU2jP60t9e49DOzP6dKWlG6uavtM0u/yiAkoTCoEElG8Z8BetlLuVlMlI7JC0lb3U58+mZSrXB4w==",
      "dependencies": {
        "@psu-ooe/base": "^1.0",
        "@psu-ooe/slide-toggle": "^1.0"
      }
    },
    "node_modules/@psu-ooe/auto-expansion": {
      "version": "1.0.0",
      "resolved": "https://npm.pkg.github.com/download/@psu-ooe/auto-expansion/1.0.0/16e47fbbd811a84bf573c0324b9b3de81ba0e6fc",
      "integrity": "sha512-aiMuvdWChpZeYMElw/z1Be8RYQhsR2a0K5iVIhKv4BQ5UlHNBdGjU0gDXjh0xMoqQpNqp8H49poZoZK/0z0jQQ=="
    },
    "node_modules/@psu-ooe/background-container": {
      "version": "2.0.2",
      "resolved": "https://npm.pkg.github.com/download/@psu-ooe/background-container/2.0.2/eddbc5c152329c635fff0607d58243868109e58d",
      "integrity": "sha512-rRrwmh5TkF9XFC/JO1tzxt/WrB7ultPXl8uU6Ht/cB8bovJoT7CeYL9DFl3PS/uTifJi3ZgkclVrt8Nf8Gwfcw==",
      "dependencies": {
        "@psu-ooe/base": "^1.0",
        "@psu-ooe/sprite": "^1.0"
      }
    },
    "node_modules/@psu-ooe/band": {
      "version": "2.0.0",
      "resolved": "https://npm.pkg.github.com/download/@psu-ooe/band/2.0.0/0f1c2a82451b9a1c3b7ae42fbc2d5778288993a3",
      "integrity": "sha512-mKyBewJDObufQkbFgW/Kn/GfNKv0VMTmat8tT8xgsel9Zwj6MpJtBtVxbBFaBnCpNmYN/mofIRYBh2YgEYLEgg==",
      "dependencies": {
        "@psu-ooe/base": "^1.0"
      }
    },
    "node_modules/@psu-ooe/base": {
      "version": "1.0.5",
      "resolved": "https://npm.pkg.github.com/download/@psu-ooe/base/1.0.5/a998e71e2addbc982c81b9a86aabec15b5f44b02",
      "integrity": "sha512-/uw+kg9I0oA7MN4LBacou3fto+/lrfq8YFhxtXS0r2a7BFiObA4fAou3RnSOe4obyhS6R+LtFbHgpOgzSxM6rA==",
      "dependencies": {
        "@psu-ooe/webfonts": "^1.0"
      }
    },
    "node_modules/@psu-ooe/bio": {
      "version": "1.0.0",
      "resolved": "https://npm.pkg.github.com/download/@psu-ooe/bio/1.0.0/c74211c1b2a175294af4ba72a9f7986e26a7fbb9",
      "integrity": "sha512-z70/40Pzc1pdeo+ryd+2Z51aEPKTEQJtWF5EzWudLlcOYT8X7ECOzuXJTiOdtjeLq2o0oYq8gToqiHW3rQammQ==",
      "dependencies": {
        "@psu-ooe/credential": "^1.0"
      }
    },
    "node_modules/@psu-ooe/bio-collection": {
      "version": "1.0.0",
      "resolved": "https://npm.pkg.github.com/download/@psu-ooe/bio-collection/1.0.0/5508adf6ed4873afb3649d4e2fc5661a312013f4",
      "integrity": "sha512-CFlSsamLIRIn+Hqbs0uVWh1mlGI3O133oH9V85TZmqI6fLe88cKuJFaizdyL39PTFlOcnySr7pqKKGR3lnBi8w==",
      "dependencies": {
        "@psu-ooe/bio": "^1.0"
      }
    },
    "node_modules/@psu-ooe/breadcrumbs": {
      "version": "1.0.2",
      "resolved": "https://npm.pkg.github.com/download/@psu-ooe/breadcrumbs/1.0.2/df96960499e0cce6a49a76db3b636660a4749a1e",
      "integrity": "sha512-udjtDvRDY0UYo8hfdcqMk9GjwOtcU38o/+w1EshmO15fY5A3W5Sg7AsltvbaaGkY6LWj66Awo9b3fSBsTKwMmg==",
      "dependencies": {
        "@psu-ooe/base": "^1.0"
      }
    },
    "node_modules/@psu-ooe/card": {
      "version": "1.0.0",
      "resolved": "https://npm.pkg.github.com/download/@psu-ooe/card/1.0.0/3da5d8b461087e3d1401bbfef094d138bd508824",
      "integrity": "sha512-W8/SnwlmQZlkmcLHtudLbqq8tKTnGgk1wWT9jrxuK01hxyEhM0p7Jcoi+nX32E9D9XpdGwRAbmZdQPd0AVcuOw==",
      "dependencies": {
        "@psu-ooe/base": "^1.0"
      }
    },
    "node_modules/@psu-ooe/cards-list": {
      "version": "1.0.0",
      "resolved": "https://npm.pkg.github.com/download/@psu-ooe/cards-list/1.0.0/315744e4718cc5100a6c874b8fbbb0f5f279cc9d",
      "integrity": "sha512-F1FQqbhiGt+93jEY84qaaj5MwkC89cVQK/OzQAWNZH0NmksG4nGoq8PwasZPagqd+ZbK9pI2JECfgSQbGJTHpw==",
      "dependencies": {
        "@psu-ooe/base": "^1.0",
        "@psu-ooe/card": "^1.0",
        "@psu-ooe/expandable-section": "^1.0"
      }
    },
    "node_modules/@psu-ooe/credential": {
      "version": "1.0.0",
      "resolved": "https://npm.pkg.github.com/download/@psu-ooe/credential/1.0.0/10e469099522cf24c0e959c1a5668f817703659d",
      "integrity": "sha512-H4xcCIkdbjjTpVVtL1XXLq/RLa7J9u1rnzTeW0aNFWcYvRVAssOIAJ12pzO1Ekqs3bddlS568mtFHxk10tXe9A==",
      "dependencies": {
        "@psu-ooe/sprite": "^1.0"
      }
    },
    "node_modules/@psu-ooe/cta": {
      "version": "1.1.0",
      "resolved": "https://npm.pkg.github.com/download/@psu-ooe/cta/1.1.0/94ff81f15f04c0a11c2430789f0161d95ee6324c",
      "integrity": "sha512-bjLP3FwsG7IF6bcUqzfZNFiYMgQUzKDAYtWEaY8yFHwEjpQpBL5iedvv1oUVHmTnLXM2dKDFHPNJ/boJKg8C2w==",
      "dependencies": {
        "@psu-ooe/base": "^1.0"
      }
    },
    "node_modules/@psu-ooe/drop-button": {
      "version": "1.1.0",
      "resolved": "https://npm.pkg.github.com/download/@psu-ooe/drop-button/1.1.0/fd6beccd1f451ad968be3fbc01d008f28d141e6c",
      "integrity": "sha512-resPbWkqMznNfXU+wYe7h4+kxsieLDD9s77W/wKSFapLB22N82wCoi0JI/CbC8hdvlcjQiGPcpgfdvDzqD7u9g==",
      "dependencies": {
        "@psu-ooe/base": "^1.0",
        "@psu-ooe/polyfill-focus-visible": "^1.0"
      }
    },
    "node_modules/@psu-ooe/event-link": {
      "version": "1.0.0",
      "resolved": "https://npm.pkg.github.com/download/@psu-ooe/event-link/1.0.0/561bc518c79255baebedee32e4aa279100593f49",
      "integrity": "sha512-nav/POFGJBNQzF2GEBLcutFRtK3UbVbhT/w2RB3l/JKvZkcCdL/dqUeMbO5gIyDhsHiF4d/hwVmRw6/rUe0icw==",
      "dependencies": {
        "@psu-ooe/base": "^1.0",
        "@psu-ooe/smart-datetime": "^1.0"
      }
    },
    "node_modules/@psu-ooe/expandable-section": {
      "version": "1.2.0",
      "resolved": "https://npm.pkg.github.com/download/@psu-ooe/expandable-section/1.2.0/28226e7a5b5acd12c0436b804d8b8913baa956a2",
      "integrity": "sha512-SzwVZoN8qfdrsJveMlS4Msc1CJRagWJ16zjKQ/G0kYdk1j6mbj9Ll2hafgDyYfqyKTS2f8CpP6tr56O3oES0+w==",
      "dependencies": {
        "@psu-ooe/auto-expansion": "^1.0",
        "@psu-ooe/base": "^1.0",
        "@psu-ooe/polyfill-focus-visible": "^1.0",
        "@psu-ooe/slide-toggle": "^1.0"
      }
    },
    "node_modules/@psu-ooe/flex-wrap-listener": {
      "version": "1.0.0",
      "resolved": "https://npm.pkg.github.com/download/@psu-ooe/flex-wrap-listener/1.0.0/e663e8bb6e3927fd4e06ae3ec1714a32abf19dfb",
      "integrity": "sha512-SQ88OTZZImaHXOMr9spt1o4CAY6ojx/vK9r3xJo1EN6sx5pHbcQj7k7G0eqEcNsSe+2kJ7JiLCDDFpdbMgHWYw=="
    },
    "node_modules/@psu-ooe/grid": {
      "version": "1.0.0",
      "resolved": "https://npm.pkg.github.com/download/@psu-ooe/grid/1.0.0/180b6a78547c90532c21b4ee58e28b5d5364b7a8",
      "integrity": "sha512-rlE6+z9bDqfHl3LEZEBhv4zQoNO5VnE1hd7oCY3CDhn8mkbM1Ai6cSzu836b5ucuy9jhSYASnRtD/ynpSwMKRw==",
      "dependencies": {
        "@psu-ooe/base": "^1.0"
      }
    },
    "node_modules/@psu-ooe/heading": {
      "version": "1.0.0",
      "resolved": "https://npm.pkg.github.com/download/@psu-ooe/heading/1.0.0/0eb2b4f2743fab83fc245a112f514e6eb6c287a8",
      "integrity": "sha512-tRwRu61gldi8BYDRIDUm2rn0psW86WzWMTaV7BxJZ0jWcr52V2mFj/YAWQ4OLONzn3HRhWpCMHDMYrCuucOO7A==",
      "dependencies": {
        "@psu-ooe/base": "^1.0"
      }
    },
    "node_modules/@psu-ooe/highlighted-text": {
      "version": "1.0.0",
      "resolved": "https://npm.pkg.github.com/download/@psu-ooe/highlighted-text/1.0.0/2f9f9143254ea8d043ca12602040e21c81346a66",
      "integrity": "sha512-vrpCFN1k32h0ayHK8IGxgvjuXjsnjo4nSUsNxvFbBFeyiZuXLdCvGVFdohovbu+i/SeIxylYjTM+XEKNIbHeLA==",
      "dependencies": {
        "@psu-ooe/base": "^1.0"
      }
    },
    "node_modules/@psu-ooe/intro-form": {
      "version": "1.2.1",
      "resolved": "https://npm.pkg.github.com/download/@psu-ooe/intro-form/1.2.1/52160bdd2f294d148c342d1fd32180f5f2083913",
      "integrity": "sha512-07d6QKZ+XYr6gkxKcTndFUTANiSDzQdTt6PBdOXl1lkjh4RgV4qps8le4dC8psUQGxSZg/CDj7YJCsmrwIs3PA==",
      "dependencies": {
        "@psu-ooe/background-container": "^2.0",
        "@psu-ooe/base": "^1.0",
        "@psu-ooe/random-item": "^1.0"
      }
    },
    "node_modules/@psu-ooe/overlay": {
      "version": "1.0.0",
      "resolved": "https://npm.pkg.github.com/download/@psu-ooe/overlay/1.0.0/e36f6519165050fd8648530d046f97162c1acf58",
      "integrity": "sha512-fyz/13UNdGnd6rWr1cqxXeP75j1UnJVsUafXnCXGl/nlDbaUKvMOxYJ07JyIy3lgDCWBQnavZYjv9nwNHufFBQ==",
      "dependencies": {
        "@psu-ooe/base": "^1.0"
      }
    },
    "node_modules/@psu-ooe/parallel-navigation": {
      "version": "1.1.0",
      "resolved": "https://npm.pkg.github.com/download/@psu-ooe/parallel-navigation/1.1.0/73f52ae8e8da9501b1be5dbcd8b2b8f47d3b58aa",
      "integrity": "sha512-I+UQMtZY39CwPSLMhWopQgnYjkLNPaDAEoF17u+sHgrMrOLlxY4ie1yerCAGQEgE+oSNnisvA/XJD3Va+vUs1w==",
      "dependencies": {
        "@psu-ooe/base": "^1.0"
      }
    },
    "node_modules/@psu-ooe/polyfill-flex-gap": {
      "version": "1.0.0",
      "resolved": "https://npm.pkg.github.com/download/@psu-ooe/polyfill-flex-gap/1.0.0/d9f864730f19ca041176b985dbfc5d6c25affd8e",
      "integrity": "sha512-Ckz9y6LsiyDE/5iy7Vr5Alsh5LvsV15xqw3FOB5qY9E7UfgQpfeC4kmDfHw5w9G9eExre8sLT6YP2tBN6g19tA==",
      "dependencies": {
        "@psu-ooe/base": "^1.0"
      }
    },
    "node_modules/@psu-ooe/polyfill-focus-visible": {
      "version": "1.0.0",
      "resolved": "https://npm.pkg.github.com/download/@psu-ooe/polyfill-focus-visible/1.0.0/e4befa90f6a4dd604b296606e4d9a1ed6a8239bb",
      "integrity": "sha512-aX0ldRdKW/b6UyuvMx5YFkwaV7EI8XwDuz9O2k/69wzVM3K48IWxChGNsfySV28ulUVm1B5UM2tp3vM+s4vbkA==",
      "dependencies": {
        "focus-visible": "^5.2.0"
      }
    },
    "node_modules/@psu-ooe/quote": {
      "version": "1.0.0",
      "resolved": "https://npm.pkg.github.com/download/@psu-ooe/quote/1.0.0/65afdc6f69ebf0dc0b78db57983790674806823a",
      "integrity": "sha512-ffUNvL58XcO8Eaf6O9HGuXny03s6Ld71yPs97zke9tISK0dJPJqrkOThoO8yWLPn1iGuR++VnB66DWcOaYgKcg==",
      "dependencies": {
        "@psu-ooe/base": "^1.0"
      }
    },
    "node_modules/@psu-ooe/random-item": {
      "version": "1.0.1",
      "resolved": "https://npm.pkg.github.com/download/@psu-ooe/random-item/1.0.1/d018ea046dc1f6991481103d90c51063f8c2e8c4",
      "integrity": "sha512-LqK1jSbSnUHLu8oFxcJ6S7/F2kIuGf6YUw6a65Wy6a9XYPd/qDiIIh+8AiFJ+3F2zwImic1R8j4sQyFK28Aw6w=="
    },
    "node_modules/@psu-ooe/read-more": {
      "version": "1.0.0",
      "resolved": "https://npm.pkg.github.com/download/@psu-ooe/read-more/1.0.0/33f20b86746cbf4988c466f676e53b5f5dbbcaf8",
      "integrity": "sha512-KQqI47j6lLWsj+foYbrQNMe8dFaWCqEem77tVfHDaVFCayGVyjh2K4tJ6DYXGjCJSPb5Fd7oza2sbIIsGwDPbw==",
      "dependencies": {
        "@psu-ooe/base": "^1.0"
      }
    },
    "node_modules/@psu-ooe/section-view-tracking": {
      "version": "1.0.1",
      "resolved": "https://npm.pkg.github.com/download/@psu-ooe/section-view-tracking/1.0.1/24ba05aa68c8e4c1f42ccb141b2ca5b27721fb69",
      "integrity": "sha512-hpU8D1fpJhgP2xT8ldGdzwzZB6dMo54XjHO1g+sGboVyUG5+JhFLOQl7Qrxt1DpOs0jFOAqRLPg0pTwNLKb8Xw==",
      "dependencies": {
        "@psu-ooe/auto-expansion": "^1.0"
      }
    },
    "node_modules/@psu-ooe/skip-link": {
      "version": "1.0.1",
      "resolved": "https://npm.pkg.github.com/download/@psu-ooe/skip-link/1.0.1/2c0bc6f3b9746d4f62ef5646f5f37e497b079433",
      "integrity": "sha512-JEQ9yYT7HF/mi2PpcPAdW6JnT/kVC3ybCsPxwUiNXp8q+DQ3i+WG4YeIFsQpghqMBWxOO2rjtvzd+QiKzwwjNg=="
    },
    "node_modules/@psu-ooe/slide-toggle": {
      "version": "1.0.0",
      "resolved": "https://npm.pkg.github.com/download/@psu-ooe/slide-toggle/1.0.0/73c8bed8b5787a9c5120b05a600d4dea9e484493",
      "integrity": "sha512-NEChfGK8yR+ZgNtYuGMds/aSO0TY5KwiSs+kQB+NHFJTKoI3zAs9wyjVOBONbDED6KX/n19fDgBdwQACBphxMA=="
    },
    "node_modules/@psu-ooe/smart-datetime": {
      "version": "1.0.0",
      "resolved": "https://npm.pkg.github.com/download/@psu-ooe/smart-datetime/1.0.0/7fc6456740e45334e5ee6178076ca3b7bd99224d",
      "integrity": "sha512-pl6vnAob2iZ0Gven0G2141TPSISlsq3byNiua2SMKTNKD3boZUjq26x37aeAXDG4bFtcOtVn142GH+uaOq0P3A==",
      "dependencies": {
        "@psu-ooe/base": "^1.0"
      }
    },
    "node_modules/@psu-ooe/sprite": {
      "version": "1.0.6",
      "resolved": "https://npm.pkg.github.com/download/@psu-ooe/sprite/1.0.6/535c079dbc3b0bd41a2de245e503c7ae993702ff",
      "integrity": "sha512-eZxeLCap6DhMCUuen2+hNKq33cAJMY/HVJpMfpA1nLOwAoSCjUgCVfBb1S1gydFUMv1ofpxUa/vLj1Pss/O6pQ==",
      "dependencies": {
        "@psu-ooe/base": "^1.0"
      }
    },
    "node_modules/@psu-ooe/sticky-panel": {
      "version": "1.0.1",
      "resolved": "https://npm.pkg.github.com/download/@psu-ooe/sticky-panel/1.0.1/879fb3e6591a1eea03d3ccc22a2ad43cdb0f2918",
      "integrity": "sha512-DUOYHzkfPB1+p9qKUcoevZNNHNZDAewxznTjvOqzgEtQrOVPJ/CwtoiDfbdBPyz5TflT00fmHcQw2ssDlJYAwA==",
      "dependencies": {
        "@psu-ooe/band": "^1.0 || ^2.0",
        "@psu-ooe/base": "^1.0"
      }
    },
    "node_modules/@psu-ooe/tabs": {
      "version": "2.1.0",
      "resolved": "https://npm.pkg.github.com/download/@psu-ooe/tabs/2.1.0/3dd5982f1ca04fe4c94863f6742e1e34db35dd1e",
      "integrity": "sha512-oMmA45a96MUzfwGHGP7rssdJSLkurDuEJf9N2QfjTSRYGKGCvEXLMhczqL/Ku/xzgFPzIWYr66mevegEyChPTg==",
      "dependencies": {
        "@psu-ooe/base": "^1.0",
        "@psu-ooe/flex-wrap-listener": "^1.0"
      }
    },
    "node_modules/@psu-ooe/tabs-list": {
      "version": "1.1.0",
      "resolved": "https://npm.pkg.github.com/download/@psu-ooe/tabs-list/1.1.0/8b21c1dec61d0e7fc9faadcbcfec81cc1e20cdfb",
      "integrity": "sha512-cu9h9HQ77JCQcUSgVDFNVIFhRo6Tmlr2cTnEHZBHXEmfq9faC+r+fRHU6pr2NTayFlKGzn/XRoh9Z6v9x0mHwA==",
      "dependencies": {
        "@psu-ooe/base": "^1.0",
        "@psu-ooe/flex-wrap-listener": "^1.0"
      }
    },
    "node_modules/@psu-ooe/upcoming-events": {
      "version": "1.0.0",
      "resolved": "https://npm.pkg.github.com/download/@psu-ooe/upcoming-events/1.0.0/2986baf496eefb3db36a9f9d764408f96f5c52b1",
      "integrity": "sha512-vDOoLiiMuLqaMNDgrfTOXUFijcg9++IBCEA1kBk5s3li/t+CUy+y+H9AC+hOQny8tO/rvyadtQiT8zBrZDQ7JA==",
      "dependencies": {
        "@psu-ooe/base": "^1.0",
        "@psu-ooe/event-link": "^1.0",
        "@psu-ooe/expandable-section": "^1.0"
      }
    },
    "node_modules/@psu-ooe/webfonts": {
      "version": "1.0.0",
      "resolved": "https://npm.pkg.github.com/download/@psu-ooe/webfonts/1.0.0/f323fa24ce54f44baa80000308139b4d308ef93e",
      "integrity": "sha512-YhRvoUw4rqUZUg4cF1PEzQ2Y2BOMjg1dX/9WiJrwneWoeyPhiaWhchKs27YX9hlHx9/V4OxxDQLGKkUsQ21zpg=="
    },
    "node_modules/focus-visible": {
      "version": "5.2.0",
      "resolved": "https://registry.npmjs.org/focus-visible/-/focus-visible-5.2.0.tgz",
      "integrity": "sha512-Rwix9pBtC1Nuy5wysTmKy+UjbDJpIfg8eHjw0rjZ1mX4GNLz1Bmd16uDpI3Gk1i70Fgcs8Csg2lPm8HULFg9DQ=="
    }
  },
  "dependencies": {
    "@psu-ooe/accordion": {
      "version": "1.1.0",
      "resolved": "https://npm.pkg.github.com/download/@psu-ooe/accordion/1.1.0/940af9ea3ee4dac8a172eb135aa6507a3ca42246",
      "integrity": "sha512-efmKVQyu29dU2jP60t9e49DOzP6dKWlG6uavtM0u/yiAkoTCoEElG8Z8BetlLuVlMlI7JC0lb3U58+mZSrXB4w==",
      "requires": {
        "@psu-ooe/base": "^1.0",
        "@psu-ooe/slide-toggle": "^1.0"
      }
    },
    "@psu-ooe/auto-expansion": {
      "version": "1.0.0",
      "resolved": "https://npm.pkg.github.com/download/@psu-ooe/auto-expansion/1.0.0/16e47fbbd811a84bf573c0324b9b3de81ba0e6fc",
      "integrity": "sha512-aiMuvdWChpZeYMElw/z1Be8RYQhsR2a0K5iVIhKv4BQ5UlHNBdGjU0gDXjh0xMoqQpNqp8H49poZoZK/0z0jQQ=="
    },
    "@psu-ooe/background-container": {
      "version": "2.0.2",
      "resolved": "https://npm.pkg.github.com/download/@psu-ooe/background-container/2.0.2/eddbc5c152329c635fff0607d58243868109e58d",
      "integrity": "sha512-rRrwmh5TkF9XFC/JO1tzxt/WrB7ultPXl8uU6Ht/cB8bovJoT7CeYL9DFl3PS/uTifJi3ZgkclVrt8Nf8Gwfcw==",
      "requires": {
        "@psu-ooe/base": "^1.0",
        "@psu-ooe/sprite": "^1.0"
      }
    },
    "@psu-ooe/band": {
      "version": "2.0.0",
      "resolved": "https://npm.pkg.github.com/download/@psu-ooe/band/2.0.0/0f1c2a82451b9a1c3b7ae42fbc2d5778288993a3",
      "integrity": "sha512-mKyBewJDObufQkbFgW/Kn/GfNKv0VMTmat8tT8xgsel9Zwj6MpJtBtVxbBFaBnCpNmYN/mofIRYBh2YgEYLEgg==",
      "requires": {
        "@psu-ooe/base": "^1.0"
      }
    },
    "@psu-ooe/base": {
      "version": "1.0.5",
      "resolved": "https://npm.pkg.github.com/download/@psu-ooe/base/1.0.5/a998e71e2addbc982c81b9a86aabec15b5f44b02",
      "integrity": "sha512-/uw+kg9I0oA7MN4LBacou3fto+/lrfq8YFhxtXS0r2a7BFiObA4fAou3RnSOe4obyhS6R+LtFbHgpOgzSxM6rA==",
      "requires": {
        "@psu-ooe/webfonts": "^1.0"
      }
    },
    "@psu-ooe/bio": {
      "version": "1.0.0",
      "resolved": "https://npm.pkg.github.com/download/@psu-ooe/bio/1.0.0/c74211c1b2a175294af4ba72a9f7986e26a7fbb9",
      "integrity": "sha512-z70/40Pzc1pdeo+ryd+2Z51aEPKTEQJtWF5EzWudLlcOYT8X7ECOzuXJTiOdtjeLq2o0oYq8gToqiHW3rQammQ==",
      "requires": {
        "@psu-ooe/credential": "^1.0"
      }
    },
    "@psu-ooe/bio-collection": {
      "version": "1.0.0",
      "resolved": "https://npm.pkg.github.com/download/@psu-ooe/bio-collection/1.0.0/5508adf6ed4873afb3649d4e2fc5661a312013f4",
      "integrity": "sha512-CFlSsamLIRIn+Hqbs0uVWh1mlGI3O133oH9V85TZmqI6fLe88cKuJFaizdyL39PTFlOcnySr7pqKKGR3lnBi8w==",
      "requires": {
        "@psu-ooe/bio": "^1.0"
      }
    },
    "@psu-ooe/breadcrumbs": {
      "version": "1.0.2",
      "resolved": "https://npm.pkg.github.com/download/@psu-ooe/breadcrumbs/1.0.2/df96960499e0cce6a49a76db3b636660a4749a1e",
      "integrity": "sha512-udjtDvRDY0UYo8hfdcqMk9GjwOtcU38o/+w1EshmO15fY5A3W5Sg7AsltvbaaGkY6LWj66Awo9b3fSBsTKwMmg==",
      "requires": {
        "@psu-ooe/base": "^1.0"
      }
    },
    "@psu-ooe/card": {
      "version": "1.0.0",
      "resolved": "https://npm.pkg.github.com/download/@psu-ooe/card/1.0.0/3da5d8b461087e3d1401bbfef094d138bd508824",
      "integrity": "sha512-W8/SnwlmQZlkmcLHtudLbqq8tKTnGgk1wWT9jrxuK01hxyEhM0p7Jcoi+nX32E9D9XpdGwRAbmZdQPd0AVcuOw==",
      "requires": {
        "@psu-ooe/base": "^1.0"
      }
    },
    "@psu-ooe/cards-list": {
      "version": "1.0.0",
      "resolved": "https://npm.pkg.github.com/download/@psu-ooe/cards-list/1.0.0/315744e4718cc5100a6c874b8fbbb0f5f279cc9d",
      "integrity": "sha512-F1FQqbhiGt+93jEY84qaaj5MwkC89cVQK/OzQAWNZH0NmksG4nGoq8PwasZPagqd+ZbK9pI2JECfgSQbGJTHpw==",
      "requires": {
        "@psu-ooe/base": "^1.0",
        "@psu-ooe/card": "^1.0",
        "@psu-ooe/expandable-section": "^1.0"
      }
    },
    "@psu-ooe/credential": {
      "version": "1.0.0",
      "resolved": "https://npm.pkg.github.com/download/@psu-ooe/credential/1.0.0/10e469099522cf24c0e959c1a5668f817703659d",
      "integrity": "sha512-H4xcCIkdbjjTpVVtL1XXLq/RLa7J9u1rnzTeW0aNFWcYvRVAssOIAJ12pzO1Ekqs3bddlS568mtFHxk10tXe9A==",
      "requires": {
        "@psu-ooe/sprite": "^1.0"
      }
    },
    "@psu-ooe/cta": {
      "version": "1.1.0",
      "resolved": "https://npm.pkg.github.com/download/@psu-ooe/cta/1.1.0/94ff81f15f04c0a11c2430789f0161d95ee6324c",
      "integrity": "sha512-bjLP3FwsG7IF6bcUqzfZNFiYMgQUzKDAYtWEaY8yFHwEjpQpBL5iedvv1oUVHmTnLXM2dKDFHPNJ/boJKg8C2w==",
      "requires": {
        "@psu-ooe/base": "^1.0"
      }
    },
    "@psu-ooe/drop-button": {
      "version": "1.1.0",
      "resolved": "https://npm.pkg.github.com/download/@psu-ooe/drop-button/1.1.0/fd6beccd1f451ad968be3fbc01d008f28d141e6c",
      "integrity": "sha512-resPbWkqMznNfXU+wYe7h4+kxsieLDD9s77W/wKSFapLB22N82wCoi0JI/CbC8hdvlcjQiGPcpgfdvDzqD7u9g==",
      "requires": {
        "@psu-ooe/base": "^1.0",
        "@psu-ooe/polyfill-focus-visible": "^1.0"
      }
    },
    "@psu-ooe/event-link": {
      "version": "1.0.0",
      "resolved": "https://npm.pkg.github.com/download/@psu-ooe/event-link/1.0.0/561bc518c79255baebedee32e4aa279100593f49",
      "integrity": "sha512-nav/POFGJBNQzF2GEBLcutFRtK3UbVbhT/w2RB3l/JKvZkcCdL/dqUeMbO5gIyDhsHiF4d/hwVmRw6/rUe0icw==",
      "requires": {
        "@psu-ooe/base": "^1.0",
        "@psu-ooe/smart-datetime": "^1.0"
      }
    },
    "@psu-ooe/expandable-section": {
      "version": "1.2.0",
      "resolved": "https://npm.pkg.github.com/download/@psu-ooe/expandable-section/1.2.0/28226e7a5b5acd12c0436b804d8b8913baa956a2",
      "integrity": "sha512-SzwVZoN8qfdrsJveMlS4Msc1CJRagWJ16zjKQ/G0kYdk1j6mbj9Ll2hafgDyYfqyKTS2f8CpP6tr56O3oES0+w==",
      "requires": {
        "@psu-ooe/auto-expansion": "^1.0",
        "@psu-ooe/base": "^1.0",
        "@psu-ooe/polyfill-focus-visible": "^1.0",
        "@psu-ooe/slide-toggle": "^1.0"
      }
    },
    "@psu-ooe/flex-wrap-listener": {
      "version": "1.0.0",
      "resolved": "https://npm.pkg.github.com/download/@psu-ooe/flex-wrap-listener/1.0.0/e663e8bb6e3927fd4e06ae3ec1714a32abf19dfb",
      "integrity": "sha512-SQ88OTZZImaHXOMr9spt1o4CAY6ojx/vK9r3xJo1EN6sx5pHbcQj7k7G0eqEcNsSe+2kJ7JiLCDDFpdbMgHWYw=="
    },
    "@psu-ooe/grid": {
      "version": "1.0.0",
      "resolved": "https://npm.pkg.github.com/download/@psu-ooe/grid/1.0.0/180b6a78547c90532c21b4ee58e28b5d5364b7a8",
      "integrity": "sha512-rlE6+z9bDqfHl3LEZEBhv4zQoNO5VnE1hd7oCY3CDhn8mkbM1Ai6cSzu836b5ucuy9jhSYASnRtD/ynpSwMKRw==",
      "requires": {
        "@psu-ooe/base": "^1.0"
      }
    },
    "@psu-ooe/heading": {
      "version": "1.0.0",
      "resolved": "https://npm.pkg.github.com/download/@psu-ooe/heading/1.0.0/0eb2b4f2743fab83fc245a112f514e6eb6c287a8",
      "integrity": "sha512-tRwRu61gldi8BYDRIDUm2rn0psW86WzWMTaV7BxJZ0jWcr52V2mFj/YAWQ4OLONzn3HRhWpCMHDMYrCuucOO7A==",
      "requires": {
        "@psu-ooe/base": "^1.0"
      }
    },
    "@psu-ooe/highlighted-text": {
      "version": "1.0.0",
      "resolved": "https://npm.pkg.github.com/download/@psu-ooe/highlighted-text/1.0.0/2f9f9143254ea8d043ca12602040e21c81346a66",
      "integrity": "sha512-vrpCFN1k32h0ayHK8IGxgvjuXjsnjo4nSUsNxvFbBFeyiZuXLdCvGVFdohovbu+i/SeIxylYjTM+XEKNIbHeLA==",
      "requires": {
        "@psu-ooe/base": "^1.0"
      }
    },
    "@psu-ooe/intro-form": {
      "version": "1.2.1",
      "resolved": "https://npm.pkg.github.com/download/@psu-ooe/intro-form/1.2.1/52160bdd2f294d148c342d1fd32180f5f2083913",
      "integrity": "sha512-07d6QKZ+XYr6gkxKcTndFUTANiSDzQdTt6PBdOXl1lkjh4RgV4qps8le4dC8psUQGxSZg/CDj7YJCsmrwIs3PA==",
      "requires": {
        "@psu-ooe/background-container": "^2.0",
        "@psu-ooe/base": "^1.0",
        "@psu-ooe/random-item": "^1.0"
      }
    },
    "@psu-ooe/overlay": {
      "version": "1.0.0",
      "resolved": "https://npm.pkg.github.com/download/@psu-ooe/overlay/1.0.0/e36f6519165050fd8648530d046f97162c1acf58",
      "integrity": "sha512-fyz/13UNdGnd6rWr1cqxXeP75j1UnJVsUafXnCXGl/nlDbaUKvMOxYJ07JyIy3lgDCWBQnavZYjv9nwNHufFBQ==",
      "requires": {
        "@psu-ooe/base": "^1.0"
      }
    },
    "@psu-ooe/parallel-navigation": {
      "version": "1.1.0",
      "resolved": "https://npm.pkg.github.com/download/@psu-ooe/parallel-navigation/1.1.0/73f52ae8e8da9501b1be5dbcd8b2b8f47d3b58aa",
      "integrity": "sha512-I+UQMtZY39CwPSLMhWopQgnYjkLNPaDAEoF17u+sHgrMrOLlxY4ie1yerCAGQEgE+oSNnisvA/XJD3Va+vUs1w==",
      "requires": {
        "@psu-ooe/base": "^1.0"
      }
    },
    "@psu-ooe/polyfill-flex-gap": {
      "version": "1.0.0",
      "resolved": "https://npm.pkg.github.com/download/@psu-ooe/polyfill-flex-gap/1.0.0/d9f864730f19ca041176b985dbfc5d6c25affd8e",
      "integrity": "sha512-Ckz9y6LsiyDE/5iy7Vr5Alsh5LvsV15xqw3FOB5qY9E7UfgQpfeC4kmDfHw5w9G9eExre8sLT6YP2tBN6g19tA==",
      "requires": {
        "@psu-ooe/base": "^1.0"
      }
    },
    "@psu-ooe/polyfill-focus-visible": {
      "version": "1.0.0",
      "resolved": "https://npm.pkg.github.com/download/@psu-ooe/polyfill-focus-visible/1.0.0/e4befa90f6a4dd604b296606e4d9a1ed6a8239bb",
      "integrity": "sha512-aX0ldRdKW/b6UyuvMx5YFkwaV7EI8XwDuz9O2k/69wzVM3K48IWxChGNsfySV28ulUVm1B5UM2tp3vM+s4vbkA==",
      "requires": {
        "focus-visible": "^5.2.0"
      }
    },
    "@psu-ooe/quote": {
      "version": "1.0.0",
      "resolved": "https://npm.pkg.github.com/download/@psu-ooe/quote/1.0.0/65afdc6f69ebf0dc0b78db57983790674806823a",
      "integrity": "sha512-ffUNvL58XcO8Eaf6O9HGuXny03s6Ld71yPs97zke9tISK0dJPJqrkOThoO8yWLPn1iGuR++VnB66DWcOaYgKcg==",
      "requires": {
        "@psu-ooe/base": "^1.0"
      }
    },
    "@psu-ooe/random-item": {
      "version": "1.0.1",
      "resolved": "https://npm.pkg.github.com/download/@psu-ooe/random-item/1.0.1/d018ea046dc1f6991481103d90c51063f8c2e8c4",
      "integrity": "sha512-LqK1jSbSnUHLu8oFxcJ6S7/F2kIuGf6YUw6a65Wy6a9XYPd/qDiIIh+8AiFJ+3F2zwImic1R8j4sQyFK28Aw6w=="
    },
    "@psu-ooe/read-more": {
      "version": "1.0.0",
      "resolved": "https://npm.pkg.github.com/download/@psu-ooe/read-more/1.0.0/33f20b86746cbf4988c466f676e53b5f5dbbcaf8",
      "integrity": "sha512-KQqI47j6lLWsj+foYbrQNMe8dFaWCqEem77tVfHDaVFCayGVyjh2K4tJ6DYXGjCJSPb5Fd7oza2sbIIsGwDPbw==",
      "requires": {
        "@psu-ooe/base": "^1.0"
      }
    },
    "@psu-ooe/section-view-tracking": {
      "version": "1.0.1",
      "resolved": "https://npm.pkg.github.com/download/@psu-ooe/section-view-tracking/1.0.1/24ba05aa68c8e4c1f42ccb141b2ca5b27721fb69",
      "integrity": "sha512-hpU8D1fpJhgP2xT8ldGdzwzZB6dMo54XjHO1g+sGboVyUG5+JhFLOQl7Qrxt1DpOs0jFOAqRLPg0pTwNLKb8Xw==",
      "requires": {
        "@psu-ooe/auto-expansion": "^1.0"
      }
    },
    "@psu-ooe/skip-link": {
      "version": "1.0.1",
      "resolved": "https://npm.pkg.github.com/download/@psu-ooe/skip-link/1.0.1/2c0bc6f3b9746d4f62ef5646f5f37e497b079433",
      "integrity": "sha512-JEQ9yYT7HF/mi2PpcPAdW6JnT/kVC3ybCsPxwUiNXp8q+DQ3i+WG4YeIFsQpghqMBWxOO2rjtvzd+QiKzwwjNg=="
    },
    "@psu-ooe/slide-toggle": {
      "version": "1.0.0",
      "resolved": "https://npm.pkg.github.com/download/@psu-ooe/slide-toggle/1.0.0/73c8bed8b5787a9c5120b05a600d4dea9e484493",
      "integrity": "sha512-NEChfGK8yR+ZgNtYuGMds/aSO0TY5KwiSs+kQB+NHFJTKoI3zAs9wyjVOBONbDED6KX/n19fDgBdwQACBphxMA=="
    },
    "@psu-ooe/smart-datetime": {
      "version": "1.0.0",
      "resolved": "https://npm.pkg.github.com/download/@psu-ooe/smart-datetime/1.0.0/7fc6456740e45334e5ee6178076ca3b7bd99224d",
      "integrity": "sha512-pl6vnAob2iZ0Gven0G2141TPSISlsq3byNiua2SMKTNKD3boZUjq26x37aeAXDG4bFtcOtVn142GH+uaOq0P3A==",
      "requires": {
        "@psu-ooe/base": "^1.0"
      }
    },
    "@psu-ooe/sprite": {
      "version": "1.0.6",
      "resolved": "https://npm.pkg.github.com/download/@psu-ooe/sprite/1.0.6/535c079dbc3b0bd41a2de245e503c7ae993702ff",
      "integrity": "sha512-eZxeLCap6DhMCUuen2+hNKq33cAJMY/HVJpMfpA1nLOwAoSCjUgCVfBb1S1gydFUMv1ofpxUa/vLj1Pss/O6pQ==",
      "requires": {
        "@psu-ooe/base": "^1.0"
      }
    },
    "@psu-ooe/sticky-panel": {
      "version": "1.0.1",
      "resolved": "https://npm.pkg.github.com/download/@psu-ooe/sticky-panel/1.0.1/879fb3e6591a1eea03d3ccc22a2ad43cdb0f2918",
      "integrity": "sha512-DUOYHzkfPB1+p9qKUcoevZNNHNZDAewxznTjvOqzgEtQrOVPJ/CwtoiDfbdBPyz5TflT00fmHcQw2ssDlJYAwA==",
      "requires": {
        "@psu-ooe/band": "^1.0 || ^2.0",
        "@psu-ooe/base": "^1.0"
      }
    },
    "@psu-ooe/tabs": {
      "version": "2.1.0",
      "resolved": "https://npm.pkg.github.com/download/@psu-ooe/tabs/2.1.0/3dd5982f1ca04fe4c94863f6742e1e34db35dd1e",
      "integrity": "sha512-oMmA45a96MUzfwGHGP7rssdJSLkurDuEJf9N2QfjTSRYGKGCvEXLMhczqL/Ku/xzgFPzIWYr66mevegEyChPTg==",
      "requires": {
        "@psu-ooe/base": "^1.0",
        "@psu-ooe/flex-wrap-listener": "^1.0"
      }
    },
    "@psu-ooe/tabs-list": {
      "version": "1.1.0",
      "resolved": "https://npm.pkg.github.com/download/@psu-ooe/tabs-list/1.1.0/8b21c1dec61d0e7fc9faadcbcfec81cc1e20cdfb",
      "integrity": "sha512-cu9h9HQ77JCQcUSgVDFNVIFhRo6Tmlr2cTnEHZBHXEmfq9faC+r+fRHU6pr2NTayFlKGzn/XRoh9Z6v9x0mHwA==",
      "requires": {
        "@psu-ooe/base": "^1.0",
        "@psu-ooe/flex-wrap-listener": "^1.0"
      }
    },
    "@psu-ooe/upcoming-events": {
      "version": "1.0.0",
      "resolved": "https://npm.pkg.github.com/download/@psu-ooe/upcoming-events/1.0.0/2986baf496eefb3db36a9f9d764408f96f5c52b1",
      "integrity": "sha512-vDOoLiiMuLqaMNDgrfTOXUFijcg9++IBCEA1kBk5s3li/t+CUy+y+H9AC+hOQny8tO/rvyadtQiT8zBrZDQ7JA==",
      "requires": {
        "@psu-ooe/base": "^1.0",
        "@psu-ooe/event-link": "^1.0",
        "@psu-ooe/expandable-section": "^1.0"
      }
    },
    "@psu-ooe/webfonts": {
      "version": "1.0.0",
      "resolved": "https://npm.pkg.github.com/download/@psu-ooe/webfonts/1.0.0/f323fa24ce54f44baa80000308139b4d308ef93e",
      "integrity": "sha512-YhRvoUw4rqUZUg4cF1PEzQ2Y2BOMjg1dX/9WiJrwneWoeyPhiaWhchKs27YX9hlHx9/V4OxxDQLGKkUsQ21zpg=="
    },
    "focus-visible": {
      "version": "5.2.0",
      "resolved": "https://registry.npmjs.org/focus-visible/-/focus-visible-5.2.0.tgz",
      "integrity": "sha512-Rwix9pBtC1Nuy5wysTmKy+UjbDJpIfg8eHjw0rjZ1mX4GNLz1Bmd16uDpI3Gk1i70Fgcs8Csg2lPm8HULFg9DQ=="
    }
  }
}
